github.com/cenkalti/backoff/v5 v5.0.3 h1:ZN+IMa753KfX5hd8vVaMixjnqRZ3y8CuJKRKj1xcsSM=
github.com/cenkalti/backoff/v5 v5.0.3/go.mod h1:rkhZdG3JZukswDf7f0cwqPNk4K0sa+F97BxZthm/crw=
github.com/davecgh/go-spew v1.1.0/go.mod h1:J7Y8YcW2NihsgmVo/mv3lAwl/skON4iLHjSsI+c5H38=
github.com/davecgh/go-spew v1.1.1/go.mod h1:J7Y8YcW2NihsgmVo/mv3lAwl/skON4iLHjSsI+c5H38=
github.com/davecgh/go-spew v1.1.2-0.20180830191138-d8f796af33cc h1:U9qPSI2PIWSS1VwoXQT9A3Wy9MM3WgvqSxFWenqJduM=
github.com/davecgh/go-spew v1.1.2-0.20180830191138-d8f796af33cc/go.mod h1:J7Y8YcW2NihsgmVo/mv3lAwl/skON4iLHjSsI+c5H38=
github.com/go-logr/logr v1.4.3 h1:CjnDlHq8ikf6E492q6eKboGOC0T8CDaOvkHCIg8idEI=
github.com/go-logr/logr v1.4.3/go.mod h1:9T104GzyrTigFIr8wt5mBrctHMim0Nb2HLGrmQ40KvY=
github.com/go-logr/stdr v1.2.2 h1:hSWxHoqTgW2S2qGc0LTAI563KZ5YKYRhT3MFKZMbjag=
github.com/go-logr/stdr v1.2.2/go.mod h1:mMo/vtBO5dYbehREoey6XUKy/eSumjCCveDpRre4VKE=
github.com/go-viper/mapstructure/v2 v2.4.0 h1:EBsztssimR/CONLSZZ04E8qAkxNYq4Qp9LvH92wZUgs=
github.com/go-viper/mapstructure/v2 v2.4.0/go.mod h1:oJDH3BJKyqBA2TXFhDsKDGDTlndYOZ6rGS0BRZIxGhM=
github.com/gobwas/glob v0.2.3 h1:A4xDbljILXROh+kObIiy5kIaPYD8e96x1tgBhUI5J+Y=
github.com/golang/protobuf v1.5.4 h1:i7eJL8qZTpSEXOPTxNKhASYpMn+8e5Q6AdndVa1dWek=
github.com/golang/protobuf v1.5.4/go.mod h1:lnTiLA8Wa4RWRcIUkrtSVa5nRhsEGBg48fD6rSs7xps=
github.com/google/go-cmp v0.7.0 h1:wk8382ETsv4JYUZwIsn6YpYiWiBsYLSJiTsyBybVuN8=
github.com/google/go-cmp v0.7.0/go.mod h1:pXiqmnSA92OHEEa9HXL2W4E7lf9JzCmGVUdgjX3N/iU=
github.com/google/gofuzz v1.0.0/go.mod h1:dBl0BpW6vV/+mYPU4Po3pmUjxk6FQPldtuIdl/M65Eg=
github.com/google/uuid v1.6.0 h1:NIvaJDMOsjHA8n1jAhLSgzrAzy1Hgr+hNrb57e+94F0=
github.com/google/uuid v1.6.0/go.mod h1:TIyPZe4MgqvfeYDBFedMoGGpEw/LqOeaOT+nhxU+yHo=
github.com/hashicorp/go-version v1.7.0 h1:5tqGy27NaOTB8yJKUZELlFAS/LTKJkrmONwQKeRZfjY=
github.com/json-iterator/go v1.1.12 h1:PV8peI4a0ysnczrg+LtxykD8LfKY9ML6u2jnxaEnrnM=
github.com/json-iterator/go v1.1.12/go.mod h1:e30LSqwooZae/UwlEbR2852Gd8hjQvJoHmT4TnhNGBo=
github.com/knadh/koanf/maps v0.1.2 h1:RBfmAW5CnZT+PJ1CVc1QSJKf4Xu9kxfQgYVQSu8hpbo=
github.com/knadh/koanf/maps v0.1.2/go.mod h1:npD/QZY3V6ghQDdcQzl1W4ICNVTkohC8E73eI2xW4yI=
github.com/knadh/koanf/providers/confmap v1.0.0 h1:mHKLJTE7iXEys6deO5p6olAiZdG5zwp8Aebir+/EaRE=
github.com/knadh/koanf/providers/confmap v1.0.0/go.mod h1:txHYHiI2hAtF0/0sCmcuol4IDcuQbKTybiB1nOcUo1A=
github.com/knadh/koanf/v2 v2.3.0 h1:Qg076dDRFHvqnKG97ZEsi9TAg2/nFTa9hCdcSa1lvlM=
github.com/knadh/koanf/v2 v2.3.0/go.mod h1:gRb40VRAbd4iJMYYD5IxZ6hfuopFcXBpc9bbQpZwo28=
github.com/kr/pretty v0.3.1 h1:flRD4NNwYAUpkphVc1HcthR4KEIFJ65n8Mw5qdRn3LE=
github.com/kr/pretty v0.3.1/go.mod h1:hoEshYVHaxMs3cyo3Yncou5ZscifuDolrwPKZanG3xk=
github.com/kr/text v0.2.0 h1:5Nx0Ya0ZqY2ygV366QzturHI13Jq95ApcVaJBhpS+AY=
github.com/kr/text v0.2.0/go.mod h1:eLer722TekiGuMkidMxC/pM04lWEeraHUUmBw8l2grE=
github.com/mitchellh/copystructure v1.2.0 h1:vpKXTN4ewci03Vljg/q9QvCGUDttBOGBIa15WveJJGw=
github.com/mitchellh/copystructure v1.2.0/go.mod h1:qLl+cE2AmVv+CoeAwDPye/v+N2HKCj9FbZEVFJRxO9s=
github.com/mitchellh/reflectwalk v1.0.2 h1:G2LzWKi524PWgd3mLHV8Y5k7s6XUvT0Gef6zxSIeXaQ=
github.com/mitchellh/reflectwalk v1.0.2/go.mod h1:mSTlrgnPZtwu0c4WaC2kGObEpuNDbx0jmZXqmk4esnw=
github.com/modern-go/concurrent v0.0.0-20180228061459-e0a39a4cb421/go.mod h1:6dJC0mAP4ikYIbvyc7fijjWJddQyLn8Ig3JB5CqoB9Q=
github.com/modern-go/concurrent v0.0.0-20180306012644-bacd9c7ef1dd h1:TRLaZ9cD/w8PVh93nsPXa1VrQ6jlwL5oN8l14QlcNfg=
github.com/modern-go/concurrent v0.0.0-20180306012644-bacd9c7ef1dd/go.mod h1:6dJC0mAP4ikYIbvyc7fijjWJddQyLn8Ig3JB5CqoB9Q=
github.com/modern-go/reflect2 v1.0.2/go.mod h1:yWuevngMOJpCy52FWWMvUC8ws7m/LJsjYzDa0/r8luk=
github.com/modern-go/reflect2 v1.0.3-0.20250322232337-35a7c28c31ee h1:W5t00kpgFdJifH4BDsTlE89Zl93FEloxaWZfGcifgq8=
github.com/modern-go/reflect2 v1.0.3-0.20250322232337-35a7c28c31ee/go.mod h1:yWuevngMOJpCy52FWWMvUC8ws7m/LJsjYzDa0/r8luk=
github.com/pmezard/go-difflib v1.0.0/go.mod h1:iKH77koFhYxTK1pcRnkKkqfTogsbg7gZNVY4sRDYZ/4=
github.com/pmezard/go-difflib v1.0.1-0.20181226105442-5d4384ee4fb2 h1:Jamvg5psRIccs7FGNTlIRMkT8wgtp5eCXdBlqhYGL6U=
github.com/pmezard/go-difflib v1.0.1-0.20181226105442-5d4384ee4fb2/go.mod h1:iKH77koFhYxTK1pcRnkKkqfTogsbg7gZNVY4sRDYZ/4=
github.com/rogpeppe/go-internal v1.14.1 h1:UQB4HGPB6osV0SQTLymcB4TgvyWu6ZyliaW0tI/otEQ=
github.com/stretchr/objx v0.1.0/go.mod h1:HFkY916IF+rwdDfMAkV7OtwuqBVzrE8GR6GFx+wExME=
github.com/stretchr/testify v1.3.0/go.mod h1:M5WIy9Dh21IEIfnGCwXGc5bZfKNJtfHm1UVUgZn+9EI=
github.com/stretchr/testify v1.11.1 h1:7s2iGBzp5EwR7/aIZr8ao5+dra3wiQyKjjFuvgVKu7U=
github.com/stretchr/testify v1.11.1/go.mod h1:wZwfW3scLgRK+23gO65QZefKpKQRnfz6sD981Nm4B6U=
go.opentelemetry.io/auto/sdk v1.2.1 h1:jXsnJ4Lmnqd11kwkBV2LgLoFMZKizbCi5fNZ/ipaZ64=
go.opentelemetry.io/auto/sdk v1.2.1/go.mod h1:KRTj+aOaElaLi+wW1kO/DZRXwkF4C5xPbEe3ZiIhN7Y=
go.opentelemetry.io/collector/client v1.46.0 h1:nAEVyKIECez8P92RXa78mjRvaynkivYdukT07lzF7Gs=
go.opentelemetry.io/collector/component v1.46.0 h1:m+BF5sT4wQ3AiPcMBVgYPhxTZNGYGDkgMcKFivEznSo=
go.opentelemetry.io/collector/component/componenttest v0.140.0 h1:/g7yETZ7Flq4v9qSmN9jux0LecMPJDwr8HtvhOgN6H4=
go.opentelemetry.io/collector/config/configoptional v1.46.0 h1:BZnFi2NUSEeP2ttr7bwGdo6a8UDcYEkfrq7SiP1jjac=
go.opentelemetry.io/collector/config/configretry v1.46.0 h1:+rriOyTxi0+3gNsqsZrU1hgA9Mf+ozqK25ovgZgeaBU=
go.opentelemetry.io/collector/confmap v1.46.0 h1:C/LfkYsKGWgGOvsUz70iUuxbSzSLaXZMSi3QVX6oJsw=
go.opentelemetry.io/collector/confmap v1.46.0/go.mod h1:uqrwOuf+1PeZ9Zo/IDV9hJlvFy2eRKYUajkM1Lsmyto=
go.opentelemetry.io/collector/confmap/xconfmap v0.140.0 h1:rTHo7f3d4h00qCpb4hYnu/+n48sd5Hd4E9KT47QTgZA=
go.opentelemetry.io/collector/consumer v1.46.0 h1:yG5zCCgbB2d0KobuYNZWdg8fy/HV2cA/ls0fYzVKBQ4=
go.opentelemetry.io/collector/consumer/consumererror v0.140.0 h1:j1AxSrjGWB68bAqylPJk2GQ06Rl/R2WteUkL7N65LCw=
go.opentelemetry.io/collector/consumer/consumertest v0.140.0 h1:t+XjKtQv37k/t/Tkj4D3ocgIHs40gPWl1CHClbBM+A8=
go.opentelemetry.io/collector/consumer/xconsumer v0.140.0 h1:VTTybtJLbGN6aGw1bB7Wn8gS7vrbgnDu6JVvgztczj8=
go.opentelemetry.io/collector/exporter v1.46.0 h1:wCNH6dyG/PFtN40Q4ZCPWXgPuoX44cT9U4TuNVcLUvw=
go.opentelemetry.io/collector/exporter v1.46.0/go.mod h1:EiNU4i+iG0n1FQBkWkwS7Nzd+vjlKsefy1bLHj913EU=
go.opentelemetry.io/collector/exporter/exporterhelper v0.140.0 h1:Euh2mfLhZoPgccNY++PfX0H3aFwthVFjR38x4RllXcM=
go.opentelemetry.io/collector/exporter/exporterhelper v0.140.0/go.mod h1:0WQCcouhn/efm75++yuzhNj51Q+8kR3HrGDLGjoUrso=
go.opentelemetry.io/collector/exporter/exportertest v0.140.0 h1:WdRm8xXdjMcNnsVQHHTbGxmsp+4MuNMKhS0dR++bKOY=
go.opentelemetry.io/collector/exporter/exportertest v0.140.0/go.mod h1:Bc3/wxba7fjtgjqrj8Axp73TCQ5W5reFb+96LTALWa4=
go.opentelemetry.io/collector/exporter/xexporter v0.140.0 h1:snh7CMQy8QDCZMVQG2e3nDrsR5yEwbFc+zIbaFPc7aA=
go.opentelemetry.io/collector/exporter/xexporter v0.140.0/go.mod h1:KIn0RaW66ifb6tXKz5XU+icFBVpn2QDH5QqaKdZDEJA=
go.opentelemetry.io/collector/extension v1.46.0 h1:+ATT9ADkMUR0cRH8J53vU9MRJ9UspRC0B+BqDGW1aRE=
go.opentelemetry.io/collector/extension v1.46.0/go.mod h1:/NGiZQFF7hTyfRULTgtYw27cIW8i0hWUTp12lDftZS0=
go.opentelemetry.io/collector/extension/extensiontest v0.140.0 h1:a4ggfsp73GA9oGCxBtmQJE827SRq36E+YQIZ0MGIKVQ=
go.opentelemetry.io/collector/extension/extensiontest v0.140.0/go.mod h1:TKR1zB0CtJ3tedNyUUaeCw5O2qPlFNjHKmh2ri53uTU=
go.opentelemetry.io/collector/extension/xextension v0.140.0 h1:LnqY52+vPcrp9Sj5wNbtm4FwultDBFuovPGf2Dnzltc=
go.opentelemetry.io/collector/featuregate v1.46.0 h1:z3JlymFdWW6aDo9cYAJ6bCqT+OI2DlurJ9P8HqfuKWQ=
go.opentelemetry.io/collector/pdata v1.46.0 h1:XzhnIWNtc/gbOyFiewRvybR4s3phKHrWxL3yc/wVLDo=
go.opentelemetry.io/collector/pdata v1.46.0/go.mod h1:D2e3BWCUC/bUg29WNzCDVN7Ab0Gzk7hGXZL2pnrDOn0=
go.opentelemetry.io/collector/pdata/pprofile v0.140.0 h1:b9TZ6UnyzsT/ERQw2VKGi/NYLtKSmjG7cgQuc9wZt5s=
go.opentelemetry.io/collector/pdata/testdata v0.140.0 h1:jMhHRS8HbiYwXeElnuTNT+17QGUF+5A5MPgdSOjpJrw=
go.opentelemetry.io/collector/pdata/testdata v0.140.0/go.mod h1:4BZo10Ua0sbxrqMOPzVU4J/EJdE3js472lskyPW4re8=
go.opentelemetry.io/collector/pdata/xpdata v0.140.0 h1:UtPkxKpYWvmLh41EDXPgwL8ZIYcGB9023DIbRR09K58=
go.opentelemetry.io/collector/pipeline v1.46.0 h1:VFID9aOmX5eeZSj29lgMdX7qg5nLKiXnkKOJXIAu47c=
go.opentelemetry.io/collector/pipeline v1.46.0/go.mod h1:xUrAqiebzYbrgxyoXSkk6/Y3oi5Sy3im2iCA51LwUAI=
go.opentelemetry.io/collector/receiver v1.46.0 h1:9bhOJVSlGsrqmBMzD5XPgoNr1lQwep/14jVTK8Cbizk=
go.opentelemetry.io/collector/receiver v1.46.0/go.mod h1:6AXBeYTN2iK2f8yNWPI7gz/3xpDLgF4L5DInhYeWBhE=
go.opentelemetry.io/collector/receiver/receivertest v0.140.0 h1:emEWENhK/F4REz2zXiHjP0D8ctwvIt6ODc89xZRAOO0=
go.opentelemetry.io/collector/receiver/receivertest v0.140.0/go.mod h1:FAzPSIp3mkKEfHzsrz5VoYEHvWAGRZ1dkkNpXa2K/qM=
go.opentelemetry.io/collector/receiver/xreceiver v0.140.0 h1:E2SUQixisUjzm1Xm5w2j99HOqv6DWe8Jna0OoR/NBWk=
go.opentelemetry.io/collector/receiver/xreceiver v0.140.0/go.mod h1:he6Lbg4S8T8dpwBTGwvRiR6SRMLB6iv0ZTWsOqGZ4iM=
go.opentelemetry.io/otel v1.38.0 h1:RkfdswUDRimDg0m2Az18RKOsnI8UDzppJAtj01/Ymk8=
go.opentelemetry.io/otel v1.38.0/go.mod h1:zcmtmQ1+YmQM9wrNsTGV/q/uyusom3P8RxwExxkZhjM=
go.opentelemetry.io/otel/metric v1.38.0 h1:Kl6lzIYGAh5M159u9NgiRkmoMKjvbsKtYRwgfrA6WpA=
go.opentelemetry.io/otel/metric v1.38.0/go.mod h1:kB5n/QoRM8YwmUahxvI3bO34eVtQf2i4utNVLr9gEmI=
go.opentelemetry.io/otel/sdk v1.38.0 h1:l48sr5YbNf2hpCUj/FoGhW9yDkl+Ma+LrVl8qaM5b+E=
go.opentelemetry.io/otel/sdk v1.38.0/go.mod h1:ghmNdGlVemJI3+ZB5iDEuk4bWA3GkTpW+DOoZMYBVVg=
go.opentelemetry.io/otel/sdk/metric v1.38.0 h1:aSH66iL0aZqo//xXzQLYozmWrXxyFkBJ6qT5wthqPoM=
go.opentelemetry.io/otel/sdk/metric v1.38.0/go.mod h1:dg9PBnW9XdQ1Hd6ZnRz689CbtrUp0wMMs9iPcgT9EZA=
go.opentelemetry.io/otel/trace v1.38.0 h1:Fxk5bKrDZJUH+AMyyIXGcFAPah0oRcT+LuNtJrmcNLE=
go.opentelemetry.io/otel/trace v1.38.0/go.mod h1:j1P9ivuFsTceSWe1oY+EeW3sc+Pp42sO++GHkg4wwhs=
go.opentelemetry.io/proto/slim/otlp v1.9.0 h1:fPVMv8tP3TrsqlkH1HWYUpbCY9cAIemx184VGkS6vlE=
go.opentelemetry.io/proto/slim/otlp v1.9.0/go.mod h1:xXdeJJ90Gqyll+orzUkY4bOd2HECo5JofeoLpymVqdI=
go.opentelemetry.io/proto/slim/otlp/collector/profiles/v1development v0.2.0 h1:o13nadWDNkH/quoDomDUClnQBpdQQ2Qqv0lQBjIXjE8=
go.opentelemetry.io/proto/slim/otlp/collector/profiles/v1development v0.2.0/go.mod h1:Gyb6Xe7FTi/6xBHwMmngGoHqL0w29Y4eW8TGFzpefGA=
go.opentelemetry.io/proto/slim/otlp/profiles/v1development v0.2.0 h1:EiUYvtwu6PMrMHVjcPfnsG3v+ajPkbUeH+IL93+QYyk=
go.opentelemetry.io/proto/slim/otlp/profiles/v1development v0.2.0/go.mod h1:mUUHKFiN2SST3AhJ8XhJxEoeVW12oqfXog0Bo8W3Ec4=
go.uber.org/goleak v1.3.0 h1:2K3zAYmnTNqV73imy9J1T3WC+gmCePx2hEGkimedGto=
go.uber.org/goleak v1.3.0/go.mod h1:CoHD4mav9JJNrW/WLlf7HGZPjdw8EucARQHekz1X6bE=
go.uber.org/multierr v1.11.0 h1:blXXJkSxSSfBVBlC76pxqeO+LN3aDfLQo+309xJstO0=
go.uber.org/multierr v1.11.0/go.mod h1:20+QtiLqy0Nd6FdQB9TLXag12DsQkrbs3htMFfDN80Y=
go.uber.org/zap v1.27.1 h1:08RqriUEv8+ArZRYSTXy1LeBScaMpVSTBhCeaZYfMYc=
go.uber.org/zap v1.27.1/go.mod h1:GB2qFLM7cTU87MWRP2mPIjqfIDnGu+VIO4V/SdhGo2E=
go.yaml.in/yaml/v3 v3.0.4 h1:tfq32ie2Jv2UxXFdLJdh3jXuOzWiL1fo0bu/FbuKpbc=
go.yaml.in/yaml/v3 v3.0.4/go.mod h1:DhzuOOF2ATzADvBadXxruRBLzYTpT36CKvDb3+aBEFg=
golang.org/x/net v0.47.0 h1:Mx+4dIFzqraBXUugkia1OOvlD6LemFo1ALMHjrXDOhY=
golang.org/x/sys v0.38.0 h1:3yZWxaJjBmCWXqhN1qh02AkOnCQ1poK6oF+a7xWL6Gc=
golang.org/x/text v0.31.0 h1:aC8ghyu4JhP8VojJ2lEHBnochRno1sgL6nEi9WGFGMM=
gonum.org/v1/gonum v0.16.0 h1:5+ul4Swaf3ESvrOnidPp4GZbzf0mxVQpDCYUQE7OJfk=
gonum.org/v1/gonum v0.16.0/go.mod h1:fef3am4MQ93R2HHpKnLk4/Tbh/s0+wqD5nfa6Pnwy4E=
google.golang.org/genproto/googleapis/rpc v0.0.0-20251022142026-3a174f9686a8 h1:M1rk8KBnUsBDg1oPGHNCxG4vc1f49epmTO7xscSajMk=
google.golang.org/genproto/googleapis/rpc v0.0.0-20251022142026-3a174f9686a8/go.mod h1:7i2o+ce6H/6BluujYR+kqX3GKH+dChPTQU19wjRPiGk=
google.golang.org/grpc v1.77.0 h1:wVVY6/8cGA6vvffn+wWK5ToddbgdU3d8MNENr4evgXM=
google.golang.org/grpc v1.77.0/go.mod h1:z0BY1iVj0q8E1uSQCjL9cppRj+gnZjzDnzV0dHhrNig=
google.golang.org/protobuf v1.36.10 h1:AYd7cD/uASjIL6Q9LiTjz8JLcrh/88q5UObnmY3aOOE=
google.golang.org/protobuf v1.36.10/go.mod h1:HTf+CrKn2C3g5S8VImy6tdcUvCska2kB7j23XfzDpco=
gopkg.in/check.v1 v0.0.0-20161208181325-20d25e280405/go.mod h1:Co6ibVJAznAaIkqp8huTwlJQCZ016jof/cbN4VW5Yz0=
gopkg.in/check.v1 v1.0.0-20201130134442-10cb98267c6c h1:Hei/4ADfdWqJk1ZMxUNpqntNwaWcugrBjAiHlqqRiVk=
gopkg.in/check.v1 v1.0.0-20201130134442-10cb98267c6c/go.mod h1:JHkPIbrfpd72SG/EVd6muEfDQjcINNoR0C8j2r3qZ4Q=
gopkg.in/yaml.v3 v3.0.1 h1:fxVm/GzAzEWqLHuvctI91KS9hhNmmWOoWu0XTYJS7CA=
gopkg.in/yaml.v3 v3.0.1/go.mod h1:K4uyk7z7BCEPqu6E+C64Yfv1cQ7kz7rIZviUmN+EgEM=
