github.com/bsm/ginkgo/v2 v2.12.0 h1:Ny8MWAHyOepLGlLKYmXG4IEkioBysk6GpaRTLC8zwWs=
github.com/bsm/gomega v1.27.10 h1:yeMWxP2pV2fG3FgAODIY8EiRE3dy0aeFYt4l7wh6yKA=
github.com/bytedance/sonic v1.14.0 h1:/OfKt8HFw0kh2rj8N0F6C/qPGRESq0BbaNZgcNXXzQQ=
github.com/bytedance/sonic v1.14.0/go.mod h1:WoEbx8WTcFJfzCe0hbmyTGrfjt8PzNEBdxlNUO24NhA=
github.com/bytedance/sonic/loader v0.3.0 h1:dskwH8edlzNMctoruo8FPTJDF3vLtDT0sXZwvZJyqeA=
github.com/bytedance/sonic/loader v0.3.0/go.mod h1:N8A3vUdtUebEY2/VQC0MyhYeKUFosQU6FxH2JmUe6VI=
github.com/cenkalti/backoff/v5 v5.0.3 h1:ZN+IMa753KfX5hd8vVaMixjnqRZ3y8CuJKRKj1xcsSM=
github.com/cenkalti/backoff/v5 v5.0.3/go.mod h1:rkhZdG3JZukswDf7f0cwqPNk4K0sa+F97BxZthm/crw=
github.com/cespare/xxhash/v2 v2.3.0 h1:UL815xU9SqsFlibzuggzjXhog7bL6oX9BbNZnL2UFvs=
github.com/cespare/xxhash/v2 v2.3.0/go.mod h1:VGX0DQ3Q6kWi7AoAeZDth3/j3BFtOZR5XLFGgcrjCOs=
github.com/cloudwego/base64x v0.1.6 h1:t11wG9AECkCDk5fMSoxmufanudBtJ+/HemLstXDLI2M=
github.com/cloudwego/base64x v0.1.6/go.mod h1:OFcloc187FXDaYHvrNIjxSe8ncn0OOM8gEHfghB2IPU=
github.com/davecgh/go-spew v1.1.0/go.mod h1:J7Y8YcW2NihsgmVo/mv3lAwl/skON4iLHjSsI+c5H38=
github.com/davecgh/go-spew v1.1.1/go.mod h1:J7Y8YcW2NihsgmVo/mv3lAwl/skON4iLHjSsI+c5H38=
github.com/davecgh/go-spew v1.1.2-0.20180830191138-d8f796af33cc h1:U9qPSI2PIWSS1VwoXQT9A3Wy9MM3WgvqSxFWenqJduM=
github.com/davecgh/go-spew v1.1.2-0.20180830191138-d8f796af33cc/go.mod h1:J7Y8YcW2NihsgmVo/mv3lAwl/skON4iLHjSsI+c5H38=
github.com/dgryski/go-rendezvous v0.0.0-20200823014737-9f7001d12a5f h1:lO4WD4F/rVNCu3HqELle0jiPLLBs70cWOduZpkS1E78=
github.com/dgryski/go-rendezvous v0.0.0-20200823014737-9f7001d12a5f/go.mod h1:cuUVRXasLTGF7a8hSLbxyZXjz+1KgoB3wDUb6vlszIc=
github.com/ebitengine/purego v0.9.1 h1:a/k2f2HQU3Pi399RPW1MOaZyhKJL9w/xFpKAg4q1s0A=
github.com/ebitengine/purego v0.9.1/go.mod h1:iIjxzd6CiRiOG0UyXP+V1+jWqUXVjPKLAI0mRfJZTmQ=
github.com/gabriel-vasile/mimetype v1.4.10 h1:zyueNbySn/z8mJZHLt6IPw0KoZsiQNszIpU+bX4+ZK0=
github.com/gabriel-vasile/mimetype v1.4.10/go.mod h1:d+9Oxyo1wTzWdyVUPMmXFvp4F9tea18J8ufA774AB3s=
github.com/gin-contrib/sse v1.1.0 h1:n0w2GMuUpWDVp7qSpvze6fAu9iRxJY4Hmj6AmBOU05w=
github.com/gin-contrib/sse v1.1.0/go.mod h1:hxRZ5gVpWMT7Z0B0gSNYqqsSCNIJMjzvm6fqCz9vjwM=
github.com/gin-gonic/gin v1.10.1 h1:T0ujvqyCSqRopADpgPgiTT63DUQVSfojyME59Ei63pQ=
github.com/gin-gonic/gin v1.10.1/go.mod h1:4PMNQiOhvDRa013RKVbsiNwoyezlm2rm0uX/T7kzp5Y=
github.com/go-logr/logr v1.2.2/go.mod h1:jdQByPbusPIv2/zmleS9BjJVeZ6kBagPoEUsqbVz/1A=
github.com/go-logr/logr v1.4.3 h1:CjnDlHq8ikf6E492q6eKboGOC0T8CDaOvkHCIg8idEI=
github.com/go-logr/logr v1.4.3/go.mod h1:9T104GzyrTigFIr8wt5mBrctHMim0Nb2HLGrmQ40KvY=
github.com/go-logr/stdr v1.2.2 h1:hSWxHoqTgW2S2qGc0LTAI563KZ5YKYRhT3MFKZMbjag=
github.com/go-logr/stdr v1.2.2/go.mod h1:mMo/vtBO5dYbehREoey6XUKy/eSumjCCveDpRre4VKE=
github.com/go-ole/go-ole v1.2.6/go.mod h1:pprOEPIfldk/42T2oK7lQ4v4JSDwmV0As9GaiUsvbm0=
github.com/go-ole/go-ole v1.3.0 h1:Dt6ye7+vXGIKZ7Xtk4s6/xVdGDQynvom7xCFEdWr6uE=
github.com/go-ole/go-ole v1.3.0/go.mod h1:5LS6F96DhAwUc7C+1HLexzMXY1xGRSryjyPPKW6zv78=
github.com/go-playground/assert/v2 v2.2.0 h1:JvknZsQTYeFEAhQwI4qEt9cyV5ONwRHC+lYKSsYSR8s=
github.com/go-playground/assert/v2 v2.2.0/go.mod h1:VDjEfimB/XKnb+ZQfWdccd7VUvScMdVu0Titje2rxJ4=
github.com/go-playground/locales v0.14.1 h1:EWaQ/wswjilfKLTECiXz7Rh+3BjFhfDFKv/oXslEjJA=
github.com/go-playground/locales v0.14.1/go.mod h1:hxrqLVvrK65+Rwrd5Fc6F2O76J/NuW9t0sjnWqG1slY=
github.com/go-playground/universal-translator v0.18.1 h1:Bcnm0ZwsGyWbCzImXv+pAJnYK9S473LQFuzCbDbfSFY=
github.com/go-playground/universal-translator v0.18.1/go.mod h1:xekY+UJKNuX9WP91TpwSH2VMlDf28Uj24BCp08ZFTUY=
github.com/go-playground/validator/v10 v10.27.0 h1:w8+XrWVMhGkxOaaowyKH35gFydVHOvC0/uWoy2Fzwn4=
github.com/go-playground/validator/v10 v10.27.0/go.mod h1:I5QpIEbmr8On7W0TktmJAumgzX4CA1XNl4ZmDuVHKKo=
github.com/goccy/go-json v0.10.5 h1:Fq85nIqj+gXn/S5ahsiTlK3TmC85qgirsdTP/+DeaC4=
github.com/goccy/go-json v0.10.5/go.mod h1:oq7eo15ShAhp70Anwd5lgX2pLfOS3QCiwU/PULtXL6M=
github.com/golang/protobuf v1.5.4 h1:i7eJL8qZTpSEXOPTxNKhASYpMn+8e5Q6AdndVa1dWek=
github.com/google/go-cmp v0.7.0 h1:wk8382ETsv4JYUZwIsn6YpYiWiBsYLSJiTsyBybVuN8=
github.com/google/gofuzz v1.0.0/go.mod h1:dBl0BpW6vV/+mYPU4Po3pmUjxk6FQPldtuIdl/M65Eg=
github.com/google/uuid v1.6.0 h1:NIvaJDMOsjHA8n1jAhLSgzrAzy1Hgr+hNrb57e+94F0=
github.com/google/uuid v1.6.0/go.mod h1:TIyPZe4MgqvfeYDBFedMoGGpEw/LqOeaOT+nhxU+yHo=
github.com/grpc-ecosystem/grpc-gateway/v2 v2.27.7 h1:X+2YciYSxvMQK0UZ7sg45ZVabVZBeBuvMkmuI2V3Fak=
github.com/json-iterator/go v1.1.12 h1:PV8peI4a0ysnczrg+LtxykD8LfKY9ML6u2jnxaEnrnM=
github.com/json-iterator/go v1.1.12/go.mod h1:e30LSqwooZae/UwlEbR2852Gd8hjQvJoHmT4TnhNGBo=
github.com/klauspost/cpuid/v2 v2.3.0 h1:S4CRMLnYUhGeDFDqkGriYKdfoFlDnMtqTiI/sFzhA9Y=
github.com/klauspost/cpuid/v2 v2.3.0/go.mod h1:hqwkgyIinND0mEev00jJYCxPNVRVXFQeu1XKlok6oO0=
github.com/kr/pretty v0.3.1 h1:flRD4NNwYAUpkphVc1HcthR4KEIFJ65n8Mw5qdRn3LE=
github.com/kr/pretty v0.3.1/go.mod h1:hoEshYVHaxMs3cyo3Yncou5ZscifuDolrwPKZanG3xk=
github.com/kr/text v0.2.0 h1:5Nx0Ya0ZqY2ygV366QzturHI13Jq95ApcVaJBhpS+AY=
github.com/kr/text v0.2.0/go.mod h1:eLer722TekiGuMkidMxC/pM04lWEeraHUUmBw8l2grE=
github.com/leodido/go-urn v1.4.0 h1:WT9HwE9SGECu3lg4d/dIA+jxlljEa1/ffXKmRjqdmIQ=
github.com/leodido/go-urn v1.4.0/go.mod h1:bvxc+MVxLKB4z00jd1z+Dvzr47oO32F/QSNjSBOlFxI=
github.com/lufia/plan9stats v0.0.0-20251013123823-9fd1530e3ec3 h1:PwQumkgq4/acIiZhtifTV5OUqqiP82UAl0h87xj/l9k=
github.com/lufia/plan9stats v0.0.0-20251013123823-9fd1530e3ec3/go.mod h1:autxFIvghDt3jPTLoqZ9OZ7s9qTGNAWmYCjVFWPX/zg=
github.com/mattn/go-isatty v0.0.20 h1:xfD0iDuEKnDkl03q4limB+vH+GxLEtL/jb4xVJSWWEY=
github.com/mattn/go-isatty v0.0.20/go.mod h1:W+V8PltTTMOvKvAeJH7IuucS94S2C6jfK/D7dTCTo3Y=
github.com/modern-go/concurrent v0.0.0-20180228061459-e0a39a4cb421/go.mod h1:6dJC0mAP4ikYIbvyc7fijjWJddQyLn8Ig3JB5CqoB9Q=
github.com/modern-go/concurrent v0.0.0-20180306012644-bacd9c7ef1dd h1:TRLaZ9cD/w8PVh93nsPXa1VrQ6jlwL5oN8l14QlcNfg=
github.com/modern-go/concurrent v0.0.0-20180306012644-bacd9c7ef1dd/go.mod h1:6dJC0mAP4ikYIbvyc7fijjWJddQyLn8Ig3JB5CqoB9Q=
github.com/modern-go/reflect2 v1.0.2/go.mod h1:yWuevngMOJpCy52FWWMvUC8ws7m/LJsjYzDa0/r8luk=
github.com/modern-go/reflect2 v1.0.3-0.20250322232337-35a7c28c31ee h1:W5t00kpgFdJifH4BDsTlE89Zl93FEloxaWZfGcifgq8=
github.com/modern-go/reflect2 v1.0.3-0.20250322232337-35a7c28c31ee/go.mod h1:yWuevngMOJpCy52FWWMvUC8ws7m/LJsjYzDa0/r8luk=
github.com/orcaman/concurrent-map/v2 v2.0.1 h1:jOJ5Pg2w1oeB6PeDurIYf6k9PQ+aTITr/6lP/L/zp6c=
github.com/orcaman/concurrent-map/v2 v2.0.1/go.mod h1:9Eq3TG2oBe5FirmYWQfYO5iH1q0Jv47PLaNK++uCdOM=
github.com/pelletier/go-toml/v2 v2.2.4 h1:mye9XuhQ6gvn5h28+VilKrrPoQVanw5PMw/TB0t5Ec4=
github.com/pelletier/go-toml/v2 v2.2.4/go.mod h1:2gIqNv+qfxSVS7cM2xJQKtLSTLUE9V8t9Stt+h56mCY=
github.com/pmezard/go-difflib v1.0.0/go.mod h1:iKH77koFhYxTK1pcRnkKkqfTogsbg7gZNVY4sRDYZ/4=
github.com/pmezard/go-difflib v1.0.1-0.20181226105442-5d4384ee4fb2 h1:Jamvg5psRIccs7FGNTlIRMkT8wgtp5eCXdBlqhYGL6U=
github.com/pmezard/go-difflib v1.0.1-0.20181226105442-5d4384ee4fb2/go.mod h1:iKH77koFhYxTK1pcRnkKkqfTogsbg7gZNVY4sRDYZ/4=
github.com/power-devops/perfstat v0.0.0-20240221224432-82ca36839d55 h1:o4JXh1EVt9k/+g42oCprj/FisM4qX9L3sZB3upGN2ZU=
github.com/power-devops/perfstat v0.0.0-20240221224432-82ca36839d55/go.mod h1:OmDBASR4679mdNQnz2pUhc2G8CO2JrUAVFDRBDP/hJE=
github.com/redis/go-redis/v9 v9.10.0 h1:FxwK3eV8p/CQa0Ch276C7u2d0eNC9kCmAYQ7mCXCzVs=
github.com/redis/go-redis/v9 v9.10.0/go.mod h1:huWgSWd8mW6+m0VPhJjSSQ+d6Nh1VICQ6Q5lHuCH/Iw=
github.com/rogpeppe/go-internal v1.14.1 h1:UQB4HGPB6osV0SQTLymcB4TgvyWu6ZyliaW0tI/otEQ=
github.com/shirou/gopsutil/v4 v4.25.12 h1:e7PvW/0RmJ8p8vPGJH4jvNkOyLmbkXgXW4m6ZPic6CY=
github.com/shirou/gopsutil/v4 v4.25.12/go.mod h1:EivAfP5x2EhLp2ovdpKSozecVXn1TmuG7SMzs/Wh4PU=
github.com/sirupsen/logrus v1.9.3 h1:dueUQJ1C2q9oE3F7wvmSGAaVtTmUizReu6fjN8uqzbQ=
github.com/sirupsen/logrus v1.9.3/go.mod h1:naHLuLoDiP4jHNo9R0sCBMtWGeIprob74mVsIT4qYEQ=
github.com/stretchr/objx v0.1.0/go.mod h1:HFkY916IF+rwdDfMAkV7OtwuqBVzrE8GR6GFx+wExME=
github.com/stretchr/objx v0.4.0/go.mod h1:YvHI0jy2hoMjB+UWwv71VJQ9isScKT/TqJzVSSt89Yw=
github.com/stretchr/objx v0.5.0/go.mod h1:Yh+to48EsGEfYuaHDzXPcE3xhTkx73EhmCGUpEOglKo=
github.com/stretchr/testify v1.3.0/go.mod h1:M5WIy9Dh21IEIfnGCwXGc5bZfKNJtfHm1UVUgZn+9EI=
github.com/stretchr/testify v1.7.0/go.mod h1:6Fq8oRcR53rry900zMqJjRRixrwX3KX962/h/Wwjteg=
github.com/stretchr/testify v1.7.1/go.mod h1:6Fq8oRcR53rry900zMqJjRRixrwX3KX962/h/Wwjteg=
github.com/stretchr/testify v1.8.0/go.mod h1:yNjHg4UonilssWZ8iaSj1OCr/vHnekPRkoO+kdMU+MU=
github.com/stretchr/testify v1.8.1/go.mod h1:w2LPCIKwWwSfY2zedu0+kehJoqGctiVI29o6fzry7u4=
github.com/stretchr/testify v1.11.1 h1:7s2iGBzp5EwR7/aIZr8ao5+dra3wiQyKjjFuvgVKu7U=
github.com/tklauser/go-sysconf v0.3.16 h1:frioLaCQSsF5Cy1jgRBrzr6t502KIIwQ0MArYICU0nA=
github.com/tklauser/go-sysconf v0.3.16/go.mod h1:/qNL9xxDhc7tx3HSRsLWNnuzbVfh3e7gh/BmM179nYI=
github.com/tklauser/numcpus v0.11.0 h1:nSTwhKH5e1dMNsCdVBukSZrURJRoHbSEQjdEbY+9RXw=
github.com/tklauser/numcpus v0.11.0/go.mod h1:z+LwcLq54uWZTX0u/bGobaV34u6V7KNlTZejzM6/3MQ=
github.com/twitchyliquid64/golang-asm v0.15.1 h1:SU5vSMR7hnwNxj24w34ZyCi/FmDZTkS4MhqMhdFk5YI=
github.com/twitchyliquid64/golang-asm v0.15.1/go.mod h1:a1lVb/DtPvCB8fslRZhAngC2+aY1QWCk3Cedj/Gdt08=
github.com/ugorji/go/codec v1.3.0 h1:Qd2W2sQawAfG8XSvzwhBeoGq71zXOC/Q1E9y/wUcsUA=
github.com/ugorji/go/codec v1.3.0/go.mod h1:pRBVtBSKl77K30Bv8R2P+cLSGaTtex6fsA2Wjqmfxj4=
github.com/yusufpapurcu/wmi v1.2.4 h1:zFUKzehAFReQwLys1b/iSMl+JQGSCSjtVqQn9bBrPo0=
github.com/yusufpapurcu/wmi v1.2.4/go.mod h1:SBZ9tNy3G9/m5Oi98Zks0QjeHVDvuK0qfxQmPyzfmi0=
go.opentelemetry.io/auto/sdk v1.2.1 h1:jXsnJ4Lmnqd11kwkBV2LgLoFMZKizbCi5fNZ/ipaZ64=
go.opentelemetry.io/auto/sdk v1.2.1/go.mod h1:KRTj+aOaElaLi+wW1kO/DZRXwkF4C5xPbEe3ZiIhN7Y=
go.opentelemetry.io/contrib/bridges/otellogrus v0.13.0 h1:Nzvgkys5xSchtkWEeTQNixr9EVo+cbYCpSey2zMftXw=
go.opentelemetry.io/contrib/bridges/otellogrus v0.13.0/go.mod h1:nvmPavMmeFjktIIxQAsE265cQ9nQ5qhDV2mN5kfdPog=
go.opentelemetry.io/contrib/instrumentation/host v0.64.0 h1:/o7fG3CXOlVK8fUzK+p8CyHU9Opha3IL4DZR3UXGZ1w=
go.opentelemetry.io/contrib/instrumentation/host v0.64.0/go.mod h1:FZCEkjALSoiJZXW9hT6XenNMBn1ay1N4jrKIZEYR/0o=
go.opentelemetry.io/contrib/instrumentation/runtime v0.64.0 h1:/+/+UjlXjFcdDlXxKL1PouzX8Z2Vl0OxolRKeBEgYDw=
go.opentelemetry.io/contrib/instrumentation/runtime v0.64.0/go.mod h1:Ldm/PDuzY2DP7IypudopCR3OCOW42NJlN9+mNEroevo=
go.opentelemetry.io/otel v1.40.0 h1:oA5YeOcpRTXq6NN7frwmwFR0Cn3RhTVZvXsP4duvCms=
go.opentelemetry.io/otel/exporters/otlp/otlplog/otlploghttp v0.14.0 h1:QQqYw3lkrzwVsoEX0w//EhH/TCnpRdEenKBOOEIMjWc=
go.opentelemetry.io/otel/exporters/otlp/otlplog/otlploghttp v0.14.0/go.mod h1:gSVQcr17jk2ig4jqJ2DX30IdWH251JcNAecvrqTxH1s=
go.opentelemetry.io/otel/exporters/otlp/otlpmetric/otlpmetrichttp v1.40.0 h1:9y5sHvAxWzft1WQ4BwqcvA+IFVUJ1Ya75mSAUnFEVwE=
go.opentelemetry.io/otel/exporters/otlp/otlptrace v1.40.0 h1:QKdN8ly8zEMrByybbQgv8cWBcdAarwmIPZ6FThrWXJs=
go.opentelemetry.io/otel/exporters/otlp/otlptrace/otlptracehttp v1.40.0 h1:wVZXIWjQSeSmMoxF74LzAnpVQOAFDo3pPji9Y4SOFKc=
go.opentelemetry.io/otel/log v0.14.0 h1:2rzJ+pOAZ8qmZ3DDHg73NEKzSZkhkGIua9gXtxNGgrM=
go.opentelemetry.io/otel/log v0.14.0/go.mod h1:5jRG92fEAgx0SU/vFPxmJvhIuDU9E1SUnEQrMlJpOno=
go.opentelemetry.io/otel/log/logtest v0.14.0 h1:BGTqNeluJDK2uIHAY8lRqxjVAYfqgcaTbVk1n3MWe5A=
go.opentelemetry.io/otel/metric v1.40.0 h1:rcZe317KPftE2rstWIBitCdVp89A2HqjkxR3c11+p9g=
go.opentelemetry.io/otel/sdk v1.40.0 h1:KHW/jUzgo6wsPh9At46+h4upjtccTmuZCFAc9OJ71f8=
go.opentelemetry.io/otel/sdk/log v0.14.0 h1:JU/U3O7N6fsAXj0+CXz21Czg532dW2V4gG1HE/e8Zrg=
go.opentelemetry.io/otel/sdk/log v0.14.0/go.mod h1:imQvII+0ZylXfKU7/wtOND8Hn4OpT3YUoIgqJVksUkM=
go.opentelemetry.io/otel/sdk/log/logtest v0.14.0 h1:Ijbtz+JKXl8T2MngiwqBlPaHqc4YCaP/i13Qrow6gAM=
go.opentelemetry.io/otel/sdk/metric v1.40.0 h1:mtmdVqgQkeRxHgRv4qhyJduP3fYJRMX4AtAlbuWdCYw=
go.opentelemetry.io/otel/trace v1.40.0 h1:WA4etStDttCSYuhwvEa8OP8I5EWu24lkOzp+ZYblVjw=
go.opentelemetry.io/proto/otlp v1.9.0 h1:l706jCMITVouPOqEnii2fIAuO3IVGBRPV5ICjceRb/A=
go.uber.org/goleak v1.3.0 h1:2K3zAYmnTNqV73imy9J1T3WC+gmCePx2hEGkimedGto=
golang.org/x/arch v0.20.0 h1:dx1zTU0MAE98U+TQ8BLl7XsJbgze2WnNKF/8tGp/Q6c=
golang.org/x/arch v0.20.0/go.mod h1:bdwinDaKcfZUGpH09BB7ZmOfhalA8lQdzl62l8gGWsk=
golang.org/x/crypto v0.47.0 h1:V6e3FRj+n4dbpw86FJ8Fv7XVOql7TEwpHapKoMJ/GO8=
golang.org/x/net v0.49.0 h1:eeHFmOGUTtaaPSGNmjBKpbng9MulQsJURQUAfUwY++o=
golang.org/x/sys v0.0.0-20190916202348-b4ddaad3f8a3/go.mod h1:h1NjWce9XRLGQEsW7wpKNCjG9DtNlClVuFLEZdDNbEs=
golang.org/x/sys v0.0.0-20201204225414-ed752295db88/go.mod h1:h1NjWce9XRLGQEsW7wpKNCjG9DtNlClVuFLEZdDNbEs=
golang.org/x/sys v0.0.0-20220715151400-c0bba94af5f8/go.mod h1:oPkhp1MJrh7nUepCBck5+mAzfO9JrbApNNgaTdGDITg=
golang.org/x/sys v0.1.0/go.mod h1:oPkhp1MJrh7nUepCBck5+mAzfO9JrbApNNgaTdGDITg=
golang.org/x/sys v0.6.0/go.mod h1:oPkhp1MJrh7nUepCBck5+mAzfO9JrbApNNgaTdGDITg=
golang.org/x/sys v0.40.0 h1:DBZZqJ2Rkml6QMQsZywtnjnnGvHza6BTfYFWY9kjEWQ=
golang.org/x/text v0.33.0 h1:B3njUFyqtHDUI5jMn1YIr5B0IE2U0qck04r6d4KPAxE=
gonum.org/v1/gonum v0.16.0 h1:5+ul4Swaf3ESvrOnidPp4GZbzf0mxVQpDCYUQE7OJfk=
google.golang.org/genproto/googleapis/api v0.0.0-20260128011058-8636f8732409 h1:merA0rdPeUV3YIIfHHcH4qBkiQAc1nfCKSI7lB4cV2M=
google.golang.org/genproto/googleapis/rpc v0.0.0-20260128011058-8636f8732409 h1:H86B94AW+VfJWDqFeEbBPhEtHzJwJfTbgE2lZa54ZAQ=
google.golang.org/grpc v1.78.0 h1:K1XZG/yGDJnzMdd/uZHAkVqJE+xIDOcmdSFZkBUicNc=
google.golang.org/grpc v1.78.0/go.mod h1:I47qjTo4OKbMkjA/aOOwxDIiPSBofUtQUI5EfpWvW7U=
google.golang.org/protobuf v1.36.11 h1:fV6ZwhNocDyBLK0dj+fg8ektcVegBBuEolpbTQyBNVE=
google.golang.org/protobuf v1.36.11/go.mod h1:HTf+CrKn2C3g5S8VImy6tdcUvCska2kB7j23XfzDpco=
gopkg.in/check.v1 v0.0.0-20161208181325-20d25e280405/go.mod h1:Co6ibVJAznAaIkqp8huTwlJQCZ016jof/cbN4VW5Yz0=
gopkg.in/check.v1 v1.0.0-20201130134442-10cb98267c6c h1:Hei/4ADfdWqJk1ZMxUNpqntNwaWcugrBjAiHlqqRiVk=
gopkg.in/check.v1 v1.0.0-20201130134442-10cb98267c6c/go.mod h1:JHkPIbrfpd72SG/EVd6muEfDQjcINNoR0C8j2r3qZ4Q=
gopkg.in/yaml.v3 v3.0.0-20200313102051-9f266ea9e77c/go.mod h1:K4uyk7z7BCEPqu6E+C64Yfv1cQ7kz7rIZviUmN+EgEM=
gopkg.in/yaml.v3 v3.0.1 h1:fxVm/GzAzEWqLHuvctI91KS9hhNmmWOoWu0XTYJS7CA=
gopkg.in/yaml.v3 v3.0.1/go.mod h1:K4uyk7z7BCEPqu6E+C64Yfv1cQ7kz7rIZviUmN+EgEM=
