github.com/BurntSushi/freetype-go v0.0.0-20160129220410-b763ddbfe298/go.mod h1:D+QujdIlUNfa0igpNMk6UIvlb6C252URs4yupRUV4lQ=
github.com/BurntSushi/graphics-go v0.0.0-20160129215708-b43f31a4a966/go.mod h1:Mid70uvE93zn9wgF92A/r5ixgnvX8Lh68fxp9KQBaI0=
github.com/bufbuild/protocompile v0.4.0 h1:LbFKd2XowZvQ/kajzguUp2DC9UEIQhIq77fZZlaQsNA=
github.com/bufbuild/protocompile v0.4.0/go.mod h1:3v93+mbWn/v3xzN+31nwkJfrEpAUwp+BagBSZWx+TP8=
github.com/cespare/xxhash/v2 v2.3.0 h1:UL815xU9SqsFlibzuggzjXhog7bL6oX9BbNZnL2UFvs=
github.com/cespare/xxhash/v2 v2.3.0/go.mod h1:VGX0DQ3Q6kWi7AoAeZDth3/j3BFtOZR5XLFGgcrjCOs=
github.com/creack/pty v1.1.9/go.mod h1:oKZEueFk5CKHvIhNR5MUki03XCEU+Q6VDXinZuGJ33E=
github.com/davecgh/go-spew v1.1.0/go.mod h1:J7Y8YcW2NihsgmVo/mv3lAwl/skON4iLHjSsI+c5H38=
github.com/davecgh/go-spew v1.1.1/go.mod h1:J7Y8YcW2NihsgmVo/mv3lAwl/skON4iLHjSsI+c5H38=
github.com/davecgh/go-spew v1.1.2-0.20180830191138-d8f796af33cc h1:U9qPSI2PIWSS1VwoXQT9A3Wy9MM3WgvqSxFWenqJduM=
github.com/davecgh/go-spew v1.1.2-0.20180830191138-d8f796af33cc/go.mod h1:J7Y8YcW2NihsgmVo/mv3lAwl/skON4iLHjSsI+c5H38=
github.com/dblohm7/wingoes v0.0.0-20250611174154-e3e096948d18 h1:1+ezXI2ZjiS8zenp08GFowF3zkVQ4j8/CPaALxqCBq0=
github.com/dblohm7/wingoes v0.0.0-20250611174154-e3e096948d18/go.mod h1:SUxUaAK/0UG5lYyZR1L1nC4AaYYvSSYTWQSH3FPcxKU=
github.com/ebitengine/purego v0.9.1 h1:a/k2f2HQU3Pi399RPW1MOaZyhKJL9w/xFpKAg4q1s0A=
github.com/ebitengine/purego v0.9.1/go.mod h1:iIjxzd6CiRiOG0UyXP+V1+jWqUXVjPKLAI0mRfJZTmQ=
github.com/fatih/color v1.13.0/go.mod h1:kLAiJbzzSOZDVNGyDpeOxJ47H46qBXwg5ILebYFFOfk=
github.com/fatih/color v1.15.0 h1:kOqh6YHBtK8aywxGerMG2Eq3H6Qgoqeo13Bk2Mv/nBs=
github.com/fatih/color v1.15.0/go.mod h1:0h5ZqXfHYED7Bhv2ZJamyIOUej9KtShiJESRwBDUSsw=
github.com/gen2brain/shm v0.1.1 h1:1cTVA5qcsUFixnDHl14TmRoxgfWEEZlTezpUj1vm5uQ=
github.com/gen2brain/shm v0.1.1/go.mod h1:UgIcVtvmOu+aCJpqJX7GOtiN7X2ct+TKLg4RTxwPIUA=
github.com/go-logr/logr v1.4.3 h1:CjnDlHq8ikf6E492q6eKboGOC0T8CDaOvkHCIg8idEI=
github.com/go-logr/logr v1.4.3/go.mod h1:9T104GzyrTigFIr8wt5mBrctHMim0Nb2HLGrmQ40KvY=
github.com/go-logr/stdr v1.2.2 h1:hSWxHoqTgW2S2qGc0LTAI563KZ5YKYRhT3MFKZMbjag=
github.com/go-logr/stdr v1.2.2/go.mod h1:mMo/vtBO5dYbehREoey6XUKy/eSumjCCveDpRre4VKE=
github.com/go-ole/go-ole v1.2.6/go.mod h1:pprOEPIfldk/42T2oK7lQ4v4JSDwmV0As9GaiUsvbm0=
github.com/go-ole/go-ole v1.3.0 h1:Dt6ye7+vXGIKZ7Xtk4s6/xVdGDQynvom7xCFEdWr6uE=
github.com/go-ole/go-ole v1.3.0/go.mod h1:5LS6F96DhAwUc7C+1HLexzMXY1xGRSryjyPPKW6zv78=
github.com/go-vgo/robotgo v0.110.8 h1:tWoUyqlZgDJ61bQju3WGSb/NIIfNV4TkYL3GFeWcHio=
github.com/go-vgo/robotgo v0.110.8/go.mod h1:45w33PzprtFncpw4cAt9SzMtSY9XnVfotu+RrCVN8JE=
github.com/godbus/dbus/v5 v5.1.0 h1:4KLkAxT3aOY8Li4FRJe/KvhoNFFxo0m6fNuFUO8QJUk=
github.com/godbus/dbus/v5 v5.1.0/go.mod h1:xhWf0FNVPg57R7Z0UbKHbJfkEywrmjJnf7w5xrFpKfA=
github.com/golang/protobuf v1.5.4 h1:i7eJL8qZTpSEXOPTxNKhASYpMn+8e5Q6AdndVa1dWek=
github.com/golang/protobuf v1.5.4/go.mod h1:lnTiLA8Wa4RWRcIUkrtSVa5nRhsEGBg48fD6rSs7xps=
github.com/google/go-cmp v0.7.0 h1:wk8382ETsv4JYUZwIsn6YpYiWiBsYLSJiTsyBybVuN8=
github.com/google/go-cmp v0.7.0/go.mod h1:pXiqmnSA92OHEEa9HXL2W4E7lf9JzCmGVUdgjX3N/iU=
github.com/google/uuid v1.6.0 h1:NIvaJDMOsjHA8n1jAhLSgzrAzy1Hgr+hNrb57e+94F0=
github.com/google/uuid v1.6.0/go.mod h1:TIyPZe4MgqvfeYDBFedMoGGpEw/LqOeaOT+nhxU+yHo=
github.com/hashicorp/go-hclog v1.6.3 h1:Qr2kF+eVWjTiYmU7Y31tYlP1h0q/X3Nl3tPGdaB11/k=
github.com/hashicorp/go-hclog v1.6.3/go.mod h1:W4Qnvbt70Wk/zYJryRzDRU/4r0kIg0PVHBcfoyhpF5M=
github.com/hashicorp/go-plugin v1.6.3 h1:xgHB+ZUSYeuJi96WtxEjzi23uh7YQpznjGh0U0UUrwg=
github.com/hashicorp/go-plugin v1.6.3/go.mod h1:MRobyh+Wc/nYy1V4KAXUiYfzxoYhs7V1mlH1Z7iY2h0=
github.com/hashicorp/yamux v0.1.1 h1:yrQxtgseBDrq9Y652vSRDvsKCJKOUD+GzTS4Y0Y8pvE=
github.com/hashicorp/yamux v0.1.1/go.mod h1:CtWFDAQgb7dxtzFs4tWbplKIe2jSi3+5vKbgIO0SLnQ=
github.com/jezek/xgb v1.1.1 h1:bE/r8ZZtSv7l9gk6nU0mYx51aXrvnyb44892TwSaqS4=
github.com/jezek/xgb v1.1.1/go.mod h1:nrhwO0FX/enq75I7Y7G8iN1ubpSGZEiA3v9e9GyRFlk=
github.com/jhump/protoreflect v1.15.1 h1:HUMERORf3I3ZdX05WaQ6MIpd/NJ434hTp5YiKgfCL6c=
github.com/jhump/protoreflect v1.15.1/go.mod h1:jD/2GMKKE6OqX8qTjhADU1e6DShO+gavG9e0Q693nKo=
github.com/kbinani/screenshot v0.0.0-20250118074034-a3924b7bbc8c h1:1IlzDla/ZATV/FsRn1ETf7ir91PHS2mrd4VMunEtd9k=
github.com/kbinani/screenshot v0.0.0-20250118074034-a3924b7bbc8c/go.mod h1:Pmpz2BLf55auQZ67u3rvyI2vAQvNetkK/4zYUmpauZQ=
github.com/kr/pretty v0.2.1/go.mod h1:ipq/a2n7PKx3OHsz4KJII5eveXtPO4qwEXGdVfWzfnI=
github.com/kr/pretty v0.3.1 h1:flRD4NNwYAUpkphVc1HcthR4KEIFJ65n8Mw5qdRn3LE=
github.com/kr/pretty v0.3.1/go.mod h1:hoEshYVHaxMs3cyo3Yncou5ZscifuDolrwPKZanG3xk=
github.com/kr/pty v1.1.1/go.mod h1:pFQYn66WHrOpPYNljwOMqo10TkYh1fy3cYio2l3bCsQ=
github.com/kr/text v0.1.0/go.mod h1:4Jbv+DJW3UT/LiOwJeYQe1efqtUx/iVham/4vfdArNI=
github.com/kr/text v0.2.0 h1:5Nx0Ya0ZqY2ygV366QzturHI13Jq95ApcVaJBhpS+AY=
github.com/kr/text v0.2.0/go.mod h1:eLer722TekiGuMkidMxC/pM04lWEeraHUUmBw8l2grE=
github.com/lufia/plan9stats v0.0.0-20251013123823-9fd1530e3ec3 h1:PwQumkgq4/acIiZhtifTV5OUqqiP82UAl0h87xj/l9k=
github.com/lufia/plan9stats v0.0.0-20251013123823-9fd1530e3ec3/go.mod h1:autxFIvghDt3jPTLoqZ9OZ7s9qTGNAWmYCjVFWPX/zg=
github.com/lxn/win v0.0.0-20210218163916-a377121e959e h1:H+t6A/QJMbhCSEH5rAuRxh+CtW96g0Or0Fxa9IKr4uc=
github.com/lxn/win v0.0.0-20210218163916-a377121e959e/go.mod h1:KxxjdtRkfNoYDCUP5ryK7XJJNTnpC8atvtmTheChOtk=
github.com/mattn/go-colorable v0.1.9/go.mod h1:u6P/XSegPjTcexA+o6vUJrdnUu04hMope9wVRipJSqc=
github.com/mattn/go-colorable v0.1.12/go.mod h1:u5H1YNBxpqRaxsYJYSkiCWKzEfiAb1Gb520KVy5xxl4=
github.com/mattn/go-colorable v0.1.13 h1:fFA4WZxdEF4tXPZVKMLwD8oUnCTTo08duU7wxecdEvA=
github.com/mattn/go-colorable v0.1.13/go.mod h1:7S9/ev0klgBDR4GtXTXX8a3vIGJpMovkB8vQcUbaXHg=
github.com/mattn/go-isatty v0.0.12/go.mod h1:cbi8OIDigv2wuxKPP5vlRcQ1OAZbq2CE4Kysco4FUpU=
github.com/mattn/go-isatty v0.0.14/go.mod h1:7GGIvUiUoEMVVmxf/4nioHXj79iQHKdU27kJ6hsGG94=
github.com/mattn/go-isatty v0.0.16/go.mod h1:kYGgaQfpe5nmfYZH+SKPsOc2e4SrIfOl2e/yFXSvRLM=
github.com/mattn/go-isatty v0.0.20 h1:xfD0iDuEKnDkl03q4limB+vH+GxLEtL/jb4xVJSWWEY=
github.com/mattn/go-isatty v0.0.20/go.mod h1:W+V8PltTTMOvKvAeJH7IuucS94S2C6jfK/D7dTCTo3Y=
github.com/nfnt/resize v0.0.0-20180221191011-83c6a9932646 h1:zYyBkD/k9seD2A7fsi6Oo2LfFZAehjjQMERAvZLEDnQ=
github.com/nfnt/resize v0.0.0-20180221191011-83c6a9932646/go.mod h1:jpp1/29i3P1S/RLdc7JQKbRpFeM1dOBd8T9ki5s+AY8=
github.com/oklog/run v1.0.0 h1:Ru7dDtJNOyC66gQ5dQmaCa0qIsAUFY3sFpK1Xk8igrw=
github.com/oklog/run v1.0.0/go.mod h1:dlhp/R75TPv97u0XWUtDeV/lRKWPKSdTuV0TZvrmrQA=
github.com/otiai10/gosseract v2.2.1+incompatible h1:Ry5ltVdpdp4LAa2bMjsSJH34XHVOV7XMi41HtzL8X2I=
github.com/otiai10/gosseract v2.2.1+incompatible/go.mod h1:XrzWItCzCpFRZ35n3YtVTgq5bLAhFIkascoRo8G32QE=
github.com/otiai10/mint v1.6.3 h1:87qsV/aw1F5as1eH1zS/yqHY85ANKVMgkDrf9rcxbQs=
github.com/otiai10/mint v1.6.3/go.mod h1:MJm72SBthJjz8qhefc4z1PYEieWmy8Bku7CjcAqyUSM=
github.com/pkg/diff v0.0.0-20210226163009-20ebb0f2a09e/go.mod h1:pJLUxLENpZxwdsKMEsNbx1VGcRFpLqf3715MtcvvzbA=
github.com/pmezard/go-difflib v1.0.0/go.mod h1:iKH77koFhYxTK1pcRnkKkqfTogsbg7gZNVY4sRDYZ/4=
github.com/pmezard/go-difflib v1.0.1-0.20181226105442-5d4384ee4fb2 h1:Jamvg5psRIccs7FGNTlIRMkT8wgtp5eCXdBlqhYGL6U=
github.com/pmezard/go-difflib v1.0.1-0.20181226105442-5d4384ee4fb2/go.mod h1:iKH77koFhYxTK1pcRnkKkqfTogsbg7gZNVY4sRDYZ/4=
github.com/power-devops/perfstat v0.0.0-20240221224432-82ca36839d55 h1:o4JXh1EVt9k/+g42oCprj/FisM4qX9L3sZB3upGN2ZU=
github.com/power-devops/perfstat v0.0.0-20240221224432-82ca36839d55/go.mod h1:OmDBASR4679mdNQnz2pUhc2G8CO2JrUAVFDRBDP/hJE=
github.com/robotn/xgb v0.0.0-20190912153532-2cb92d044934/go.mod h1:SxQhJskUJ4rleVU44YvnrdvxQr0tKy5SRSigBrCgyyQ=
github.com/robotn/xgb v0.10.0 h1:O3kFbIwtwZ3pgLbp1h5slCQ4OpY8BdwugJLrUe6GPIM=
github.com/robotn/xgb v0.10.0/go.mod h1:SxQhJskUJ4rleVU44YvnrdvxQr0tKy5SRSigBrCgyyQ=
github.com/robotn/xgbutil v0.10.0 h1:gvf7mGQqCWQ68aHRtCxgdewRk+/KAJui6l3MJQQRCKw=
github.com/robotn/xgbutil v0.10.0/go.mod h1:svkDXUDQjUiWzLrA0OZgHc4lbOts3C+uRfP6/yjwYnU=
github.com/rogpeppe/go-internal v1.9.0/go.mod h1:WtVeX8xhTBvf0smdhujwtBcq4Qrzq/fJaraNFVN+nFs=
github.com/rogpeppe/go-internal v1.14.1 h1:UQB4HGPB6osV0SQTLymcB4TgvyWu6ZyliaW0tI/otEQ=
github.com/rogpeppe/go-internal v1.14.1/go.mod h1:MaRKkUm5W0goXpeCfT7UZI6fk/L7L7so1lCWt35ZSgc=
github.com/shirou/gopsutil/v4 v4.25.12 h1:e7PvW/0RmJ8p8vPGJH4jvNkOyLmbkXgXW4m6ZPic6CY=
github.com/shirou/gopsutil/v4 v4.25.12/go.mod h1:EivAfP5x2EhLp2ovdpKSozecVXn1TmuG7SMzs/Wh4PU=
github.com/sirupsen/logrus v1.9.4 h1:TsZE7l11zFCLZnZ+teH4Umoq5BhEIfIzfRDZ1Uzql2w=
github.com/stretchr/objx v0.1.0/go.mod h1:HFkY916IF+rwdDfMAkV7OtwuqBVzrE8GR6GFx+wExME=
github.com/stretchr/testify v1.7.2/go.mod h1:R6va5+xMeoiuVRoj+gSkQ7d3FALtqAAGI1FQKckRals=
github.com/stretchr/testify v1.11.1 h1:7s2iGBzp5EwR7/aIZr8ao5+dra3wiQyKjjFuvgVKu7U=
github.com/stretchr/testify v1.11.1/go.mod h1:wZwfW3scLgRK+23gO65QZefKpKQRnfz6sD981Nm4B6U=
github.com/tailscale/win v0.0.0-20250213223159-5992cb43ca35 h1:wAZbkTZkqDzWsqxPh2qkBd3KvFU7tcxV0BP0Rnhkxog=
github.com/tailscale/win v0.0.0-20250213223159-5992cb43ca35/go.mod h1:aMd4yDHLjbOuYP6fMxj1d9ACDQlSWwYztcpybGHCQc8=
github.com/tc-hib/winres v0.2.1 h1:YDE0FiP0VmtRaDn7+aaChp1KiF4owBiJa5l964l5ujA=
github.com/tc-hib/winres v0.2.1/go.mod h1:C/JaNhH3KBvhNKVbvdlDWkbMDO9H4fKKDaN7/07SSuk=
github.com/tklauser/go-sysconf v0.3.16 h1:frioLaCQSsF5Cy1jgRBrzr6t502KIIwQ0MArYICU0nA=
github.com/tklauser/go-sysconf v0.3.16/go.mod h1:/qNL9xxDhc7tx3HSRsLWNnuzbVfh3e7gh/BmM179nYI=
github.com/tklauser/numcpus v0.11.0 h1:nSTwhKH5e1dMNsCdVBukSZrURJRoHbSEQjdEbY+9RXw=
github.com/tklauser/numcpus v0.11.0/go.mod h1:z+LwcLq54uWZTX0u/bGobaV34u6V7KNlTZejzM6/3MQ=
github.com/vcaesar/gops v0.41.0 h1:FG748Jyw3FOuZnbzSgB+CQSx2e5LbLCPWV2JU1brFdc=
github.com/vcaesar/gops v0.41.0/go.mod h1:/3048L7Rj7QjQKTSB+kKc7hDm63YhTWy5QJ10TCP37A=
github.com/vcaesar/imgo v0.41.0 h1:kNLYGrThXhB9Dd6IwFmfPnxq9P6yat2g7dpPjr7OWO8=
github.com/vcaesar/imgo v0.41.0/go.mod h1:/LGOge8etlzaVu/7l+UfhJxR6QqaoX5yeuzGIMfWb4I=
github.com/vcaesar/keycode v0.10.1 h1:0DesGmMAPWpYTCYddOFiCMKCDKgNnwiQa2QXindVUHw=
github.com/vcaesar/keycode v0.10.1/go.mod h1:JNlY7xbKsh+LAGfY2j4M3znVrGEm5W1R8s/Uv6BJcfQ=
github.com/vcaesar/screenshot v0.11.1 h1:GgPuN89XC4Yh38dLx4quPlSo3YiWWhwIria/j3LtrqU=
github.com/vcaesar/screenshot v0.11.1/go.mod h1:gJNwHBiP1v1v7i8TQ4yV1XJtcyn2I/OJL7OziVQkwjs=
github.com/vcaesar/tt v0.20.1 h1:D/jUeeVCNbq3ad8M7hhtB3J9x5RZ6I1n1eZ0BJp7M+4=
github.com/vcaesar/tt v0.20.1/go.mod h1:cH2+AwGAJm19Wa6xvEa+0r+sXDJBT0QgNQey6mwqLeU=
github.com/yusufpapurcu/wmi v1.2.4 h1:zFUKzehAFReQwLys1b/iSMl+JQGSCSjtVqQn9bBrPo0=
github.com/yusufpapurcu/wmi v1.2.4/go.mod h1:SBZ9tNy3G9/m5Oi98Zks0QjeHVDvuK0qfxQmPyzfmi0=
go.opentelemetry.io/auto/sdk v1.2.1 h1:jXsnJ4Lmnqd11kwkBV2LgLoFMZKizbCi5fNZ/ipaZ64=
go.opentelemetry.io/auto/sdk v1.2.1/go.mod h1:KRTj+aOaElaLi+wW1kO/DZRXwkF4C5xPbEe3ZiIhN7Y=
go.opentelemetry.io/otel v1.42.0 h1:lSQGzTgVR3+sgJDAU/7/ZMjN9Z+vUip7leaqBKy4sho=
go.opentelemetry.io/otel v1.42.0/go.mod h1:lJNsdRMxCUIWuMlVJWzecSMuNjE7dOYyWlqOXWkdqCc=
go.opentelemetry.io/otel/metric v1.42.0 h1:2jXG+3oZLNXEPfNmnpxKDeZsFI5o4J+nz6xUlaFdF/4=
go.opentelemetry.io/otel/metric v1.42.0/go.mod h1:RlUN/7vTU7Ao/diDkEpQpnz3/92J9ko05BIwxYa2SSI=
go.opentelemetry.io/otel/sdk v1.42.0 h1:LyC8+jqk6UJwdrI/8VydAq/hvkFKNHZVIWuslJXYsDo=
go.opentelemetry.io/otel/sdk v1.42.0/go.mod h1:rGHCAxd9DAph0joO4W6OPwxjNTYWghRWmkHuGbayMts=
go.opentelemetry.io/otel/sdk/metric v1.42.0 h1:D/1QR46Clz6ajyZ3G8SgNlTJKBdGp84q9RKCAZ3YGuA=
go.opentelemetry.io/otel/sdk/metric v1.42.0/go.mod h1:Ua6AAlDKdZ7tdvaQKfSmnFTdHx37+J4ba8MwVCYM5hc=
go.opentelemetry.io/otel/trace v1.42.0 h1:OUCgIPt+mzOnaUTpOQcBiM/PLQ/Op7oq6g4LenLmOYY=
go.opentelemetry.io/otel/trace v1.42.0/go.mod h1:f3K9S+IFqnumBkKhRJMeaZeNk9epyhnCmQh/EysQCdc=
golang.org/x/exp v0.0.0-20250711185948-6ae5c78190dc h1:TS73t7x3KarrNd5qAipmspBDS1rkMcgVG/fS1aRb4Rc=
golang.org/x/image v0.38.0 h1:5l+q+Y9JDC7mBOMjo4/aPhMDcxEptsX+Tt3GgRQRPuE=
golang.org/x/image v0.38.0/go.mod h1:/3f6vaXC+6CEanU4KJxbcUZyEePbyKbaLoDOe4ehFYY=
golang.org/x/net v0.51.0 h1:94R/GTO7mt3/4wIKpcR5gkGmRLOuE/2hNGeWq/GBIFo=
golang.org/x/net v0.51.0/go.mod h1:aamm+2QF5ogm02fjy5Bb7CQ0WMt1/WVM7FtyaTLlA9Y=
golang.org/x/sys v0.0.0-20190916202348-b4ddaad3f8a3/go.mod h1:h1NjWce9XRLGQEsW7wpKNCjG9DtNlClVuFLEZdDNbEs=
golang.org/x/sys v0.0.0-20200116001909-b77594299b42/go.mod h1:h1NjWce9XRLGQEsW7wpKNCjG9DtNlClVuFLEZdDNbEs=
golang.org/x/sys v0.0.0-20200223170610-d5e6a3e2c0ae/go.mod h1:h1NjWce9XRLGQEsW7wpKNCjG9DtNlClVuFLEZdDNbEs=
golang.org/x/sys v0.0.0-20201018230417-eeed37f84f13/go.mod h1:h1NjWce9XRLGQEsW7wpKNCjG9DtNlClVuFLEZdDNbEs=
golang.org/x/sys v0.0.0-20201204225414-ed752295db88/go.mod h1:h1NjWce9XRLGQEsW7wpKNCjG9DtNlClVuFLEZdDNbEs=
golang.org/x/sys v0.0.0-20210630005230-0f9fa26af87c/go.mod h1:oPkhp1MJrh7nUepCBck5+mAzfO9JrbApNNgaTdGDITg=
golang.org/x/sys v0.0.0-20210927094055-39ccf1dd6fa6/go.mod h1:oPkhp1MJrh7nUepCBck5+mAzfO9JrbApNNgaTdGDITg=
golang.org/x/sys v0.0.0-20220503163025-988cb79eb6c6/go.mod h1:oPkhp1MJrh7nUepCBck5+mAzfO9JrbApNNgaTdGDITg=
golang.org/x/sys v0.0.0-20220811171246-fbc7d0a398ab/go.mod h1:oPkhp1MJrh7nUepCBck5+mAzfO9JrbApNNgaTdGDITg=
golang.org/x/sys v0.1.0/go.mod h1:oPkhp1MJrh7nUepCBck5+mAzfO9JrbApNNgaTdGDITg=
golang.org/x/sys v0.6.0/go.mod h1:oPkhp1MJrh7nUepCBck5+mAzfO9JrbApNNgaTdGDITg=
golang.org/x/sys v0.41.0 h1:Ivj+2Cp/ylzLiEU89QhWblYnOE9zerudt9Ftecq2C6k=
golang.org/x/sys v0.41.0/go.mod h1:OgkHotnGiDImocRcuBABYBEXf8A9a87e/uXjp9XT3ks=
golang.org/x/text v0.35.0 h1:JOVx6vVDFokkpaq1AEptVzLTpDe9KGpj5tR4/X+ybL8=
golang.org/x/text v0.35.0/go.mod h1:khi/HExzZJ2pGnjenulevKNX1W67CUy0AsXcNubPGCA=
gonum.org/v1/gonum v0.16.0 h1:5+ul4Swaf3ESvrOnidPp4GZbzf0mxVQpDCYUQE7OJfk=
gonum.org/v1/gonum v0.16.0/go.mod h1:fef3am4MQ93R2HHpKnLk4/Tbh/s0+wqD5nfa6Pnwy4E=
google.golang.org/genproto/googleapis/rpc v0.0.0-20260226221140-a57be14db171 h1:ggcbiqK8WWh6l1dnltU4BgWGIGo+EVYxCaAPih/zQXQ=
google.golang.org/grpc v1.79.3 h1:sybAEdRIEtvcD68Gx7dmnwjZKlyfuc61Dyo9pGXXkKE=
google.golang.org/grpc v1.79.3/go.mod h1:KmT0Kjez+0dde/v2j9vzwoAScgEPx/Bw1CYChhHLrHQ=
google.golang.org/protobuf v1.36.11 h1:fV6ZwhNocDyBLK0dj+fg8ektcVegBBuEolpbTQyBNVE=
google.golang.org/protobuf v1.36.11/go.mod h1:HTf+CrKn2C3g5S8VImy6tdcUvCska2kB7j23XfzDpco=
gopkg.in/check.v1 v0.0.0-20161208181325-20d25e280405/go.mod h1:Co6ibVJAznAaIkqp8huTwlJQCZ016jof/cbN4VW5Yz0=
gopkg.in/check.v1 v1.0.0-20201130134442-10cb98267c6c h1:Hei/4ADfdWqJk1ZMxUNpqntNwaWcugrBjAiHlqqRiVk=
gopkg.in/check.v1 v1.0.0-20201130134442-10cb98267c6c/go.mod h1:JHkPIbrfpd72SG/EVd6muEfDQjcINNoR0C8j2r3qZ4Q=
gopkg.in/yaml.v3 v3.0.1 h1:fxVm/GzAzEWqLHuvctI91KS9hhNmmWOoWu0XTYJS7CA=
gopkg.in/yaml.v3 v3.0.1/go.mod h1:K4uyk7z7BCEPqu6E+C64Yfv1cQ7kz7rIZviUmN+EgEM=
