{
  "nodes": {
    "flake-parts": {
      "inputs": {
        "nixpkgs-lib": "nixpkgs-lib"
      },
      "locked": {
        "lastModified": 1709336216,
        "narHash": "sha256-Dt/wOWeW6Sqm11Yh+2+t0dfEWxoMxGBvv3JpIocFl9E=",
        "owner": "hercules-ci",
        "repo": "flake-parts",
        "rev": "f7b3c975cf067e56e7cda6cb098ebe3fb4d74ca2",
        "type": "github"
      },
      "original": {
        "id": "flake-parts",
        "type": "indirect"
      }
    },
    "nixpkgs": {
      "locked": {
        "lastModified": 1710313540,
        "narHash": "sha256-HtTTpGe0azsEJVaT9RvbGFGB4idUneraLiUTxFb3ABM=",
        "owner": "NixOS",
        "repo": "nixpkgs",
        "rev": "4008381882569ab4773f2ba0d7b7bbde8f665672",
        "type": "github"
      },
      "original": {
        "owner": "NixOS",
        "ref": "nixpkgs-unstable",
        "repo": "nixpkgs",
        "type": "github"
      }
    },
    "nixpkgs-lib": {
      "locked": {
        "dir": "lib",
        "lastModified": 1709237383,
        "narHash": "sha256-cy6ArO4k5qTx+l5o+0mL9f5fa86tYUX3ozE1S+Txlds=",
        "owner": "NixOS",
        "repo": "nixpkgs",
        "rev": "1536926ef5621b09bba54035ae2bb6d806d72ac8",
        "type": "github"
      },
      "original": {
        "dir": "lib",
        "owner": "NixOS",
        "ref": "nixos-unstable",
        "repo": "nixpkgs",
        "type": "github"
      }
    },
    "root": {
      "inputs": {
        "flake-parts": "flake-parts",
        "nixpkgs": "nixpkgs",
        "systems": "systems"
      }
    },
    "systems": {
      "locked": {
        "lastModified": 1681028828,
        "narHash": "sha256-Vy1rq5AaRuLzOxct8nz4T6wlgyUR7zLU309k9mBC768=",
        "owner": "nix-systems",
        "repo": "default",
        "rev": "da67096a3b9bf56a91d16901293e51ba5b49a27e",
        "type": "github"
      },
      "original": {
        "owner": "nix-systems",
        "repo": "default",
        "type": "github"
      }
    }
  },
  "root": "root",
  "version": 7
}
